
Microsoft Visual Studio Solution File, Format Version 12.00
# Visual Studio 14
VisualStudioVersion = 14.0.23107.0
MinimumVisualStudioVersion = 10.0.40219.1
Project("{FAE04EC0-301F-11D3-BF4B-00C04F79EFBC}") = "EvE Build", "EvE Build\EvE Build.csproj", "{2A08173E-CE13-403E-9F49-E7CFC8D63E5F}"
EndProject
Project("{FAE04EC0-301F-11D3-BF4B-00C04F79EFBC}") = "EveCentralDataPuller", "EveCentralDataPuller\EveCentralDataPuller.csproj", "{56B63A4E-1C38-49C7-AF92-D69D8D6C7311}"
EndProject
Project("{FAE04EC0-301F-11D3-BF4B-00C04F79EFBC}") = "YAMLImportTester", "YAMLImportTester\YAMLImportTester.csproj", "{F82C12B4-C2C5-4E44-B024-244538A2023B}"
EndProject
Project("{2150E333-8FDC-42A3-9474-1A3956D46DE8}") = "Solution Items", "Solution Items", "{2E5EB1BE-3482-41EE-AF62-A611A363C948}"
	ProjectSection(SolutionItems) = preProject
		CodeCoverage.runsettings = CodeCoverage.runsettings
	EndProjectSection
EndProject
Global
	GlobalSection(SolutionConfigurationPlatforms) = preSolution
		Debug|Any CPU = Debug|Any CPU
		Debug|ARM = Debug|ARM
		Debug|x64 = Debug|x64
		Debug|x86 = Debug|x86
		Release|Any CPU = Release|Any CPU
		Release|ARM = Release|ARM
		Release|x64 = Release|x64
		Release|x86 = Release|x86
	EndGlobalSection
	GlobalSection(ProjectConfigurationPlatforms) = postSolution
		{2A08173E-CE13-403E-9F49-E7CFC8D63E5F}.Debug|Any CPU.ActiveCfg = Debug|Any CPU
		{2A08173E-CE13-403E-9F49-E7CFC8D63E5F}.Debug|Any CPU.Build.0 = Debug|Any CPU
		{2A08173E-CE13-403E-9F49-E7CFC8D63E5F}.Debug|ARM.ActiveCfg = Debug|Any CPU
		{2A08173E-CE13-403E-9F49-E7CFC8D63E5F}.Debug|ARM.Build.0 = Debug|Any CPU
		{2A08173E-CE13-403E-9F49-E7CFC8D63E5F}.Debug|x64.ActiveCfg = Debug|Any CPU
		{2A08173E-CE13-403E-9F49-E7CFC8D63E5F}.Debug|x64.Build.0 = Debug|Any CPU
		{2A08173E-CE13-403E-9F49-E7CFC8D63E5F}.Debug|x86.ActiveCfg = Debug|Any CPU
		{2A08173E-CE13-403E-9F49-E7CFC8D63E5F}.Debug|x86.Build.0 = Debug|Any CPU
		{2A08173E-CE13-403E-9F49-E7CFC8D63E5F}.Release|Any CPU.ActiveCfg = Release|Any CPU
		{2A08173E-CE13-403E-9F49-E7CFC8D63E5F}.Release|Any CPU.Build.0 = Release|Any CPU
		{2A08173E-CE13-403E-9F49-E7CFC8D63E5F}.Release|Any CPU.Deploy.0 = Release|Any CPU
		{2A08173E-CE13-403E-9F49-E7CFC8D63E5F}.Release|ARM.ActiveCfg = Release|Any CPU
		{2A08173E-CE13-403E-9F49-E7CFC8D63E5F}.Release|ARM.Build.0 = Release|Any CPU
		{2A08173E-CE13-403E-9F49-E7CFC8D63E5F}.Release|x64.ActiveCfg = Release|Any CPU
		{2A08173E-CE13-403E-9F49-E7CFC8D63E5F}.Release|x64.Build.0 = Release|Any CPU
		{2A08173E-CE13-403E-9F49-E7CFC8D63E5F}.Release|x86.ActiveCfg = Release|Any CPU
		{2A08173E-CE13-403E-9F49-E7CFC8D63E5F}.Release|x86.Build.0 = Release|Any CPU
		{56B63A4E-1C38-49C7-AF92-D69D8D6C7311}.Debug|Any CPU.ActiveCfg = Debug|Any CPU
		{56B63A4E-1C38-49C7-AF92-D69D8D6C7311}.Debug|Any CPU.Build.0 = Debug|Any CPU
		{56B63A4E-1C38-49C7-AF92-D69D8D6C7311}.Debug|ARM.ActiveCfg = Debug|Any CPU
		{56B63A4E-1C38-49C7-AF92-D69D8D6C7311}.Debug|ARM.Build.0 = Debug|Any CPU
		{56B63A4E-1C38-49C7-AF92-D69D8D6C7311}.Debug|x64.ActiveCfg = Debug|Any CPU
		{56B63A4E-1C38-49C7-AF92-D69D8D6C7311}.Debug|x64.Build.0 = Debug|Any CPU
		{56B63A4E-1C38-49C7-AF92-D69D8D6C7311}.Debug|x86.ActiveCfg = Debug|Any CPU
		{56B63A4E-1C38-49C7-AF92-D69D8D6C7311}.Debug|x86.Build.0 = Debug|Any CPU
		{56B63A4E-1C38-49C7-AF92-D69D8D6C7311}.Release|Any CPU.ActiveCfg = Release|Any CPU
		{56B63A4E-1C38-49C7-AF92-D69D8D6C7311}.Release|Any CPU.Build.0 = Release|Any CPU
		{56B63A4E-1C38-49C7-AF92-D69D8D6C7311}.Release|ARM.ActiveCfg = Release|Any CPU
		{56B63A4E-1C38-49C7-AF92-D69D8D6C7311}.Release|ARM.Build.0 = Release|Any CPU
		{56B63A4E-1C38-49C7-AF92-D69D8D6C7311}.Release|x64.ActiveCfg = Release|Any CPU
		{56B63A4E-1C38-49C7-AF92-D69D8D6C7311}.Release|x64.Build.0 = Release|Any CPU
		{56B63A4E-1C38-49C7-AF92-D69D8D6C7311}.Release|x86.ActiveCfg = Release|Any CPU
		{56B63A4E-1C38-49C7-AF92-D69D8D6C7311}.Release|x86.Build.0 = Release|Any CPU
		{F82C12B4-C2C5-4E44-B024-244538A2023B}.Debug|Any CPU.ActiveCfg = Debug|Any CPU
		{F82C12B4-C2C5-4E44-B024-244538A2023B}.Debug|Any CPU.Build.0 = Debug|Any CPU
		{F82C12B4-C2C5-4E44-B024-244538A2023B}.Debug|ARM.ActiveCfg = Debug|Any CPU
		{F82C12B4-C2C5-4E44-B024-244538A2023B}.Debug|ARM.Build.0 = Debug|Any CPU
		{F82C12B4-C2C5-4E44-B024-244538A2023B}.Debug|x64.ActiveCfg = Debug|Any CPU
		{F82C12B4-C2C5-4E44-B024-244538A2023B}.Debug|x64.Build.0 = Debug|Any CPU
		{F82C12B4-C2C5-4E44-B024-244538A2023B}.Debug|x86.ActiveCfg = Debug|Any CPU
		{F82C12B4-C2C5-4E44-B024-244538A2023B}.Debug|x86.Build.0 = Debug|Any CPU
		{F82C12B4-C2C5-4E44-B024-244538A2023B}.Release|Any CPU.ActiveCfg = Release|Any CPU
		{F82C12B4-C2C5-4E44-B024-244538A2023B}.Release|Any CPU.Build.0 = Release|Any CPU
		{F82C12B4-C2C5-4E44-B024-244538A2023B}.Release|ARM.ActiveCfg = Release|Any CPU
		{F82C12B4-C2C5-4E44-B024-244538A2023B}.Release|ARM.Build.0 = Release|Any CPU
		{F82C12B4-C2C5-4E44-B024-244538A2023B}.Release|x64.ActiveCfg = Release|Any CPU
		{F82C12B4-C2C5-4E44-B024-244538A2023B}.Release|x64.Build.0 = Release|Any CPU
		{F82C12B4-C2C5-4E44-B024-244538A2023B}.Release|x86.ActiveCfg = Release|Any CPU
		{F82C12B4-C2C5-4E44-B024-244538A2023B}.Release|x86.Build.0 = Release|Any CPU
	EndGlobalSection
	GlobalSection(SolutionProperties) = preSolution
		HideSolutionNode = FALSE
	EndGlobalSection
EndGlobal
